
Microsoft Visual Studio Solution File, Format Version 11.00
# Visual Studio 2010
Project("{F184B08F-C81C-45F6-A57F-5ABD9991F28F}") = "CreditCeleste", "CreditCeleste\CreditCeleste.vbproj", "{E86BB058-5C28-4236-A52D-201DB4170CE0}"
EndProject
Global
	GlobalSection(SolutionConfigurationPlatforms) = preSolution
		Debug|Any CPU = Debug|Any CPU
		Release|Any CPU = Release|Any CPU
	EndGlobalSection
	GlobalSection(ProjectConfigurationPlatforms) = postSolution
		{E86BB058-5C28-4236-A52D-201DB4170CE0}.Debug|Any CPU.ActiveCfg = Debug|Any CPU
		{E86BB058-5C28-4236-A52D-201DB4170CE0}.Debug|Any CPU.Build.0 = Debug|Any CPU
		{E86BB058-5C28-4236-A52D-201DB4170CE0}.Release|Any CPU.ActiveCfg = Release|Any CPU
		{E86BB058-5C28-4236-A52D-201DB4170CE0}.Release|Any CPU.Build.0 = Release|Any CPU
	EndGlobalSection
	GlobalSection(SolutionProperties) = preSolution
		HideSolutionNode = FALSE
	EndGlobalSection
EndGlobal
